
Microsoft Visual Studio Solution File, Format Version 12.00
# Visual Studio Version 16
VisualStudioVersion = 16.0.29306.81
MinimumVisualStudioVersion = 10.0.40219.1
Project("{FAE04EC0-301F-11D3-BF4B-00C04F79EFBC}") = "GeneticAlgo", "GeneticAlgo\GeneticAlgo.csproj", "{45FE6178-6471-4604-818A-E1A74F568A95}"
EndProject
Project("{FAE04EC0-301F-11D3-BF4B-00C04F79EFBC}") = "GeneticSolver", "GeneticSolver\GeneticSolver.csproj", "{613107F7-1D9F-457F-B32B-9555BD220622}"
EndProject
Project("{FAE04EC0-301F-11D3-BF4B-00C04F79EFBC}") = "DungeonCardsGeneticAlgo", "DungeonCardsGeneticAlgo\DungeonCardsGeneticAlgo.csproj", "{6D074FFA-2707-4372-8A5D-C365B646572D}"
EndProject
Project("{FAE04EC0-301F-11D3-BF4B-00C04F79EFBC}") = "GameCore", "DungeonCardsCore\GameCore.csproj", "{90AF7A07-9002-4900-A38F-5DD2066EAC4D}"
EndProject
Global
	GlobalSection(SolutionConfigurationPlatforms) = preSolution
		Debug|Any CPU = Debug|Any CPU
		Release|Any CPU = Release|Any CPU
	EndGlobalSection
	GlobalSection(ProjectConfigurationPlatforms) = postSolution
		{45FE6178-6471-4604-818A-E1A74F568A95}.Debug|Any CPU.ActiveCfg = Debug|Any CPU
		{45FE6178-6471-4604-818A-E1A74F568A95}.Debug|Any CPU.Build.0 = Debug|Any CPU
		{45FE6178-6471-4604-818A-E1A74F568A95}.Release|Any CPU.ActiveCfg = Release|Any CPU
		{45FE6178-6471-4604-818A-E1A74F568A95}.Release|Any CPU.Build.0 = Release|Any CPU
		{613107F7-1D9F-457F-B32B-9555BD220622}.Debug|Any CPU.ActiveCfg = Debug|Any CPU
		{613107F7-1D9F-457F-B32B-9555BD220622}.Debug|Any CPU.Build.0 = Debug|Any CPU
		{613107F7-1D9F-457F-B32B-9555BD220622}.Release|Any CPU.ActiveCfg = Release|Any CPU
		{613107F7-1D9F-457F-B32B-9555BD220622}.Release|Any CPU.Build.0 = Release|Any CPU
		{6D074FFA-2707-4372-8A5D-C365B646572D}.Debug|Any CPU.ActiveCfg = Debug|Any CPU
		{6D074FFA-2707-4372-8A5D-C365B646572D}.Debug|Any CPU.Build.0 = Debug|Any CPU
		{6D074FFA-2707-4372-8A5D-C365B646572D}.Release|Any CPU.ActiveCfg = Release|Any CPU
		{6D074FFA-2707-4372-8A5D-C365B646572D}.Release|Any CPU.Build.0 = Release|Any CPU
		{90AF7A07-9002-4900-A38F-5DD2066EAC4D}.Debug|Any CPU.ActiveCfg = Debug|Any CPU
		{90AF7A07-9002-4900-A38F-5DD2066EAC4D}.Debug|Any CPU.Build.0 = Debug|Any CPU
		{90AF7A07-9002-4900-A38F-5DD2066EAC4D}.Release|Any CPU.ActiveCfg = Release|Any CPU
		{90AF7A07-9002-4900-A38F-5DD2066EAC4D}.Release|Any CPU.Build.0 = Release|Any CPU
	EndGlobalSection
	GlobalSection(SolutionProperties) = preSolution
		HideSolutionNode = FALSE
	EndGlobalSection
	GlobalSection(ExtensibilityGlobals) = postSolution
		SolutionGuid = {D3D42DB9-1E5C-4F39-8F1D-0643B4B5823D}
	EndGlobalSection
EndGlobal
